
Microsoft Visual Studio Solution File, Format Version 12.00
# Visual Studio Version 16
VisualStudioVersion = 16.0.31624.102
MinimumVisualStudioVersion = 10.0.40219.1
Project("{FAE04EC0-301F-11D3-BF4B-00C04F79EFBC}") = "Q10.exessoes", "Q10.exessoes.csproj", "{B060A6DE-222B-441A-B1C6-E683EB60FA21}"
EndProject
Global
	GlobalSection(SolutionConfigurationPlatforms) = preSolution
		Debug|Any CPU = Debug|Any CPU
		Release|Any CPU = Release|Any CPU
	EndGlobalSection
	GlobalSection(ProjectConfigurationPlatforms) = postSolution
		{B060A6DE-222B-441A-B1C6-E683EB60FA21}.Debug|Any CPU.ActiveCfg = Debug|Any CPU
		{B060A6DE-222B-441A-B1C6-E683EB60FA21}.Debug|Any CPU.Build.0 = Debug|Any CPU
		{B060A6DE-222B-441A-B1C6-E683EB60FA21}.Release|Any CPU.ActiveCfg = Release|Any CPU
		{B060A6DE-222B-441A-B1C6-E683EB60FA21}.Release|Any CPU.Build.0 = Release|Any CPU
	EndGlobalSection
	GlobalSection(SolutionProperties) = preSolution
		HideSolutionNode = FALSE
	EndGlobalSection
	GlobalSection(ExtensibilityGlobals) = postSolution
		SolutionGuid = {14BAEC38-9EC3-4F1F-8FA5-5A4E843B1FF6}
	EndGlobalSection
EndGlobal
