
Microsoft Visual Studio Solution File, Format Version 12.00
# Visual Studio Version 16
VisualStudioVersion = 16.0.31624.102
MinimumVisualStudioVersion = 10.0.40219.1
Project("{FAE04EC0-301F-11D3-BF4B-00C04F79EFBC}") = "Interface02", "Interface02.csproj", "{4C5B0C7D-5A50-49A0-92A5-F93104E1E214}"
EndProject
Global
	GlobalSection(SolutionConfigurationPlatforms) = preSolution
		Debug|Any CPU = Debug|Any CPU
		Release|Any CPU = Release|Any CPU
	EndGlobalSection
	GlobalSection(ProjectConfigurationPlatforms) = postSolution
		{4C5B0C7D-5A50-49A0-92A5-F93104E1E214}.Debug|Any CPU.ActiveCfg = Debug|Any CPU
		{4C5B0C7D-5A50-49A0-92A5-F93104E1E214}.Debug|Any CPU.Build.0 = Debug|Any CPU
		{4C5B0C7D-5A50-49A0-92A5-F93104E1E214}.Release|Any CPU.ActiveCfg = Release|Any CPU
		{4C5B0C7D-5A50-49A0-92A5-F93104E1E214}.Release|Any CPU.Build.0 = Release|Any CPU
	EndGlobalSection
	GlobalSection(SolutionProperties) = preSolution
		HideSolutionNode = FALSE
	EndGlobalSection
	GlobalSection(ExtensibilityGlobals) = postSolution
		SolutionGuid = {356C0997-79D0-4056-8964-621557F00B3F}
	EndGlobalSection
EndGlobal
